
Microsoft Visual Studio Solution File, Format Version 12.00
# Visual Studio Version 16
VisualStudioVersion = 16.0.30804.86
MinimumVisualStudioVersion = 10.0.40219.1
Project("{8BC9CEB8-8B4A-11D0-8D11-00A0C91BC942}") = "begruessung", "begruessung\begruessung.vcxproj", "{671D7BE6-E9DE-49CC-83BA-46E143F80228}"
EndProject
Global
	GlobalSection(SolutionConfigurationPlatforms) = preSolution
		Debug|x64 = Debug|x64
		Debug|x86 = Debug|x86
		Release|x64 = Release|x64
		Release|x86 = Release|x86
	EndGlobalSection
	GlobalSection(ProjectConfigurationPlatforms) = postSolution
		{671D7BE6-E9DE-49CC-83BA-46E143F80228}.Debug|x64.ActiveCfg = Debug|x64
		{671D7BE6-E9DE-49CC-83BA-46E143F80228}.Debug|x64.Build.0 = Debug|x64
		{671D7BE6-E9DE-49CC-83BA-46E143F80228}.Debug|x86.ActiveCfg = Debug|Win32
		{671D7BE6-E9DE-49CC-83BA-46E143F80228}.Debug|x86.Build.0 = Debug|Win32
		{671D7BE6-E9DE-49CC-83BA-46E143F80228}.Release|x64.ActiveCfg = Release|x64
		{671D7BE6-E9DE-49CC-83BA-46E143F80228}.Release|x64.Build.0 = Release|x64
		{671D7BE6-E9DE-49CC-83BA-46E143F80228}.Release|x86.ActiveCfg = Release|Win32
		{671D7BE6-E9DE-49CC-83BA-46E143F80228}.Release|x86.Build.0 = Release|Win32
	EndGlobalSection
	GlobalSection(SolutionProperties) = preSolution
		HideSolutionNode = FALSE
	EndGlobalSection
	GlobalSection(ExtensibilityGlobals) = postSolution
		SolutionGuid = {36BC3B71-A136-4AA7-9A39-5DED8F2ACF35}
	EndGlobalSection
EndGlobal
