
Microsoft Visual Studio Solution File, Format Version 12.00
# Visual Studio Version 16
VisualStudioVersion = 16.0.30804.86
MinimumVisualStudioVersion = 10.0.40219.1
Project("{8BC9CEB8-8B4A-11D0-8D11-00A0C91BC942}") = "uebung_4", "uebung_4\uebung_4.vcxproj", "{7F2A5DE9-103A-4874-ABDD-1775F18C73E4}"
EndProject
Project("{8BC9CEB8-8B4A-11D0-8D11-00A0C91BC942}") = "aufgabe_1", "aufgabe_1\aufgabe_1.vcxproj", "{6645304D-343F-42D6-9E67-9932925A8C48}"
EndProject
Project("{8BC9CEB8-8B4A-11D0-8D11-00A0C91BC942}") = "test1", "test1\test1.vcxproj", "{9E4C6C24-5C7F-4215-8C53-B797A38B3688}"
EndProject
Global
	GlobalSection(SolutionConfigurationPlatforms) = preSolution
		Debug|x64 = Debug|x64
		Debug|x86 = Debug|x86
		Release|x64 = Release|x64
		Release|x86 = Release|x86
	EndGlobalSection
	GlobalSection(ProjectConfigurationPlatforms) = postSolution
		{7F2A5DE9-103A-4874-ABDD-1775F18C73E4}.Debug|x64.ActiveCfg = Debug|x64
		{7F2A5DE9-103A-4874-ABDD-1775F18C73E4}.Debug|x64.Build.0 = Debug|x64
		{7F2A5DE9-103A-4874-ABDD-1775F18C73E4}.Debug|x86.ActiveCfg = Debug|Win32
		{7F2A5DE9-103A-4874-ABDD-1775F18C73E4}.Debug|x86.Build.0 = Debug|Win32
		{7F2A5DE9-103A-4874-ABDD-1775F18C73E4}.Release|x64.ActiveCfg = Release|x64
		{7F2A5DE9-103A-4874-ABDD-1775F18C73E4}.Release|x64.Build.0 = Release|x64
		{7F2A5DE9-103A-4874-ABDD-1775F18C73E4}.Release|x86.ActiveCfg = Release|Win32
		{7F2A5DE9-103A-4874-ABDD-1775F18C73E4}.Release|x86.Build.0 = Release|Win32
		{6645304D-343F-42D6-9E67-9932925A8C48}.Debug|x64.ActiveCfg = Debug|x64
		{6645304D-343F-42D6-9E67-9932925A8C48}.Debug|x64.Build.0 = Debug|x64
		{6645304D-343F-42D6-9E67-9932925A8C48}.Debug|x86.ActiveCfg = Debug|Win32
		{6645304D-343F-42D6-9E67-9932925A8C48}.Debug|x86.Build.0 = Debug|Win32
		{6645304D-343F-42D6-9E67-9932925A8C48}.Release|x64.ActiveCfg = Release|x64
		{6645304D-343F-42D6-9E67-9932925A8C48}.Release|x64.Build.0 = Release|x64
		{6645304D-343F-42D6-9E67-9932925A8C48}.Release|x86.ActiveCfg = Release|Win32
		{6645304D-343F-42D6-9E67-9932925A8C48}.Release|x86.Build.0 = Release|Win32
		{9E4C6C24-5C7F-4215-8C53-B797A38B3688}.Debug|x64.ActiveCfg = Debug|x64
		{9E4C6C24-5C7F-4215-8C53-B797A38B3688}.Debug|x64.Build.0 = Debug|x64
		{9E4C6C24-5C7F-4215-8C53-B797A38B3688}.Debug|x86.ActiveCfg = Debug|Win32
		{9E4C6C24-5C7F-4215-8C53-B797A38B3688}.Debug|x86.Build.0 = Debug|Win32
		{9E4C6C24-5C7F-4215-8C53-B797A38B3688}.Release|x64.ActiveCfg = Release|x64
		{9E4C6C24-5C7F-4215-8C53-B797A38B3688}.Release|x64.Build.0 = Release|x64
		{9E4C6C24-5C7F-4215-8C53-B797A38B3688}.Release|x86.ActiveCfg = Release|Win32
		{9E4C6C24-5C7F-4215-8C53-B797A38B3688}.Release|x86.Build.0 = Release|Win32
	EndGlobalSection
	GlobalSection(SolutionProperties) = preSolution
		HideSolutionNode = FALSE
	EndGlobalSection
	GlobalSection(ExtensibilityGlobals) = postSolution
		SolutionGuid = {72102640-CF61-4524-994C-1E8DC17A1667}
	EndGlobalSection
EndGlobal
