
Microsoft Visual Studio Solution File, Format Version 12.00
# Visual Studio Version 16
VisualStudioVersion = 16.0.31911.196
MinimumVisualStudioVersion = 10.0.40219.1
Project("{8BC9CEB8-8B4A-11D0-8D11-00A0C91BC942}") = "Uebung6", "Uebung6.vcxproj", "{9C1F7AC0-9127-4085-BCB1-AE57FC52FDD9}"
EndProject
Project("{8BC9CEB8-8B4A-11D0-8D11-00A0C91BC942}") = "Aufgaben", "..\Aufgaben\Aufgaben.vcxproj", "{201766E2-0725-4F72-9415-ED4141B33324}"
EndProject
Project("{8BC9CEB8-8B4A-11D0-8D11-00A0C91BC942}") = "test", "..\test\test.vcxproj", "{44DE8E9E-4250-4CCD-AF50-538C20592AFB}"
EndProject
Global
	GlobalSection(SolutionConfigurationPlatforms) = preSolution
		Debug|x64 = Debug|x64
		Debug|x86 = Debug|x86
		Release|x64 = Release|x64
		Release|x86 = Release|x86
	EndGlobalSection
	GlobalSection(ProjectConfigurationPlatforms) = postSolution
		{9C1F7AC0-9127-4085-BCB1-AE57FC52FDD9}.Debug|x64.ActiveCfg = Debug|x64
		{9C1F7AC0-9127-4085-BCB1-AE57FC52FDD9}.Debug|x64.Build.0 = Debug|x64
		{9C1F7AC0-9127-4085-BCB1-AE57FC52FDD9}.Debug|x86.ActiveCfg = Debug|Win32
		{9C1F7AC0-9127-4085-BCB1-AE57FC52FDD9}.Debug|x86.Build.0 = Debug|Win32
		{9C1F7AC0-9127-4085-BCB1-AE57FC52FDD9}.Release|x64.ActiveCfg = Release|x64
		{9C1F7AC0-9127-4085-BCB1-AE57FC52FDD9}.Release|x64.Build.0 = Release|x64
		{9C1F7AC0-9127-4085-BCB1-AE57FC52FDD9}.Release|x86.ActiveCfg = Release|Win32
		{9C1F7AC0-9127-4085-BCB1-AE57FC52FDD9}.Release|x86.Build.0 = Release|Win32
		{201766E2-0725-4F72-9415-ED4141B33324}.Debug|x64.ActiveCfg = Debug|x64
		{201766E2-0725-4F72-9415-ED4141B33324}.Debug|x64.Build.0 = Debug|x64
		{201766E2-0725-4F72-9415-ED4141B33324}.Debug|x86.ActiveCfg = Debug|Win32
		{201766E2-0725-4F72-9415-ED4141B33324}.Debug|x86.Build.0 = Debug|Win32
		{201766E2-0725-4F72-9415-ED4141B33324}.Release|x64.ActiveCfg = Release|x64
		{201766E2-0725-4F72-9415-ED4141B33324}.Release|x64.Build.0 = Release|x64
		{201766E2-0725-4F72-9415-ED4141B33324}.Release|x86.ActiveCfg = Release|Win32
		{201766E2-0725-4F72-9415-ED4141B33324}.Release|x86.Build.0 = Release|Win32
		{44DE8E9E-4250-4CCD-AF50-538C20592AFB}.Debug|x64.ActiveCfg = Debug|x64
		{44DE8E9E-4250-4CCD-AF50-538C20592AFB}.Debug|x64.Build.0 = Debug|x64
		{44DE8E9E-4250-4CCD-AF50-538C20592AFB}.Debug|x86.ActiveCfg = Debug|Win32
		{44DE8E9E-4250-4CCD-AF50-538C20592AFB}.Debug|x86.Build.0 = Debug|Win32
		{44DE8E9E-4250-4CCD-AF50-538C20592AFB}.Release|x64.ActiveCfg = Release|x64
		{44DE8E9E-4250-4CCD-AF50-538C20592AFB}.Release|x64.Build.0 = Release|x64
		{44DE8E9E-4250-4CCD-AF50-538C20592AFB}.Release|x86.ActiveCfg = Release|Win32
		{44DE8E9E-4250-4CCD-AF50-538C20592AFB}.Release|x86.Build.0 = Release|Win32
	EndGlobalSection
	GlobalSection(SolutionProperties) = preSolution
		HideSolutionNode = FALSE
	EndGlobalSection
	GlobalSection(ExtensibilityGlobals) = postSolution
		SolutionGuid = {60ABDC4F-EE35-4D19-BF97-4ADAE9D7DBA1}
	EndGlobalSection
EndGlobal
