
Microsoft Visual Studio Solution File, Format Version 12.00
# Visual Studio Version 16
VisualStudioVersion = 16.0.30804.86
MinimumVisualStudioVersion = 10.0.40219.1
Project("{FAE04EC0-301F-11D3-BF4B-00C04F79EFBC}") = "test_1", "test_1.csproj", "{860D9090-BB9F-4E5B-AF5D-A03B30CC206A}"
EndProject
Global
	GlobalSection(SolutionConfigurationPlatforms) = preSolution
		Debug|Any CPU = Debug|Any CPU
		Release|Any CPU = Release|Any CPU
	EndGlobalSection
	GlobalSection(ProjectConfigurationPlatforms) = postSolution
		{860D9090-BB9F-4E5B-AF5D-A03B30CC206A}.Debug|Any CPU.ActiveCfg = Debug|Any CPU
		{860D9090-BB9F-4E5B-AF5D-A03B30CC206A}.Debug|Any CPU.Build.0 = Debug|Any CPU
		{860D9090-BB9F-4E5B-AF5D-A03B30CC206A}.Release|Any CPU.ActiveCfg = Release|Any CPU
		{860D9090-BB9F-4E5B-AF5D-A03B30CC206A}.Release|Any CPU.Build.0 = Release|Any CPU
	EndGlobalSection
	GlobalSection(SolutionProperties) = preSolution
		HideSolutionNode = FALSE
	EndGlobalSection
	GlobalSection(ExtensibilityGlobals) = postSolution
		SolutionGuid = {0AAB8483-7AAA-4A5A-A1B5-E1EA5A605C30}
	EndGlobalSection
EndGlobal
